// !$*UTF8*$!
{
	archiveVersion = 1;
	classes = {
	};
	objectVersion = 46;
	objects = {

/* Begin PBXBuildFile section */
		C114B1688369D16E48C49B3E /* libPods-CYBudejie.a in Frameworks */ = {isa = PBXBuildFile; fileRef = 56DE910EF28503C206BCF7D7 /* libPods-CYBudejie.a */; };
		E70164391D23BB360020541E /* MeCell.m in Sources */ = {isa = PBXBuildFile; fileRef = E70164371D23BB360020541E /* MeCell.m */; };
		E701643D1D23BCE10020541E /* MeFooterView.m in Sources */ = {isa = PBXBuildFile; fileRef = E701643C1D23BCE10020541E /* MeFooterView.m */; };
		E70164411D23BD840020541E /* LoginViewController.m in Sources */ = {isa = PBXBuildFile; fileRef = E701643F1D23BD840020541E /* LoginViewController.m */; };
		E70164421D23BD840020541E /* LoginViewController.xib in Resources */ = {isa = PBXBuildFile; fileRef = E70164401D23BD840020541E /* LoginViewController.xib */; };
		E70164451D23BEF70020541E /* CYTextField.m in Sources */ = {isa = PBXBuildFile; fileRef = E70164441D23BEF70020541E /* CYTextField.m */; };
		E70164481D23BFFA0020541E /* CYVerticalButton.m in Sources */ = {isa = PBXBuildFile; fileRef = E70164471D23BFFA0020541E /* CYVerticalButton.m */; };
		E70543751DF031C800441036 /* CYProgressView.m in Sources */ = {isa = PBXBuildFile; fileRef = E70543741DF031C800441036 /* CYProgressView.m */; };
		E705437A1DF0337200441036 /* CYPublishView.m in Sources */ = {isa = PBXBuildFile; fileRef = E70543781DF0337200441036 /* CYPublishView.m */; };
		E705437B1DF0337200441036 /* CYPublishView.xib in Resources */ = {isa = PBXBuildFile; fileRef = E70543791DF0337200441036 /* CYPublishView.xib */; };
		E70543F31DF5408000441036 /* CYUser.m in Sources */ = {isa = PBXBuildFile; fileRef = E70543F21DF5408000441036 /* CYUser.m */; };
		E70543F61DF5408D00441036 /* CYComment.m in Sources */ = {isa = PBXBuildFile; fileRef = E70543F51DF5408D00441036 /* CYComment.m */; };
		E776645F1CDDE0AD0054A5F9 /* RecommendCategory.m in Sources */ = {isa = PBXBuildFile; fileRef = E776645E1CDDE0AD0054A5F9 /* RecommendCategory.m */; };
		E77664621CDDE0BC0054A5F9 /* RecommendUser.m in Sources */ = {isa = PBXBuildFile; fileRef = E77664611CDDE0BC0054A5F9 /* RecommendUser.m */; };
		E77664661CDDE27C0054A5F9 /* RecommendCategoryCell.m in Sources */ = {isa = PBXBuildFile; fileRef = E77664641CDDE27C0054A5F9 /* RecommendCategoryCell.m */; };
		E77664671CDDE27C0054A5F9 /* RecommendCategoryCell.xib in Resources */ = {isa = PBXBuildFile; fileRef = E77664651CDDE27C0054A5F9 /* RecommendCategoryCell.xib */; };
		E776646B1CDDE2910054A5F9 /* RecommendUserCell.m in Sources */ = {isa = PBXBuildFile; fileRef = E77664691CDDE2910054A5F9 /* RecommendUserCell.m */; };
		E776646C1CDDE2910054A5F9 /* RecommendUserCell.xib in Resources */ = {isa = PBXBuildFile; fileRef = E776646A1CDDE2910054A5F9 /* RecommendUserCell.xib */; };
		E797CFC11CD62B1E0089F3EB /* Assets.xcassets in Resources */ = {isa = PBXBuildFile; fileRef = E797CFC01CD62B1E0089F3EB /* Assets.xcassets */; };
		E797CFCF1CD62B1E0089F3EB /* CYBudejieUITests.m in Sources */ = {isa = PBXBuildFile; fileRef = E797CFCE1CD62B1E0089F3EB /* CYBudejieUITests.m */; };
		E797CFF41CD634970089F3EB /* AppDelegate.m in Sources */ = {isa = PBXBuildFile; fileRef = E797CFF11CD634970089F3EB /* AppDelegate.m */; };
		E797CFF51CD634970089F3EB /* main.m in Sources */ = {isa = PBXBuildFile; fileRef = E797CFF21CD634970089F3EB /* main.m */; };
		E797CFF81CD6350C0089F3EB /* MainViewController.m in Sources */ = {isa = PBXBuildFile; fileRef = E797CFF71CD6350C0089F3EB /* MainViewController.m */; };
		E797CFFB1CD636340089F3EB /* NavigationViewController.m in Sources */ = {isa = PBXBuildFile; fileRef = E797CFFA1CD636340089F3EB /* NavigationViewController.m */; };
		E797CFFE1CD637180089F3EB /* EssenceViewController.m in Sources */ = {isa = PBXBuildFile; fileRef = E797CFFD1CD637180089F3EB /* EssenceViewController.m */; };
		E797D0011CD637440089F3EB /* NewViewController.m in Sources */ = {isa = PBXBuildFile; fileRef = E797D0001CD637440089F3EB /* NewViewController.m */; };
		E797D0041CD637660089F3EB /* FriendTrendsViewController.m in Sources */ = {isa = PBXBuildFile; fileRef = E797D0031CD637660089F3EB /* FriendTrendsViewController.m */; };
		E797D0071CD6377A0089F3EB /* MeViewController.m in Sources */ = {isa = PBXBuildFile; fileRef = E797D0061CD6377A0089F3EB /* MeViewController.m */; };
		E797D00D1CD63B5A0089F3EB /* UIBarButtonItem+CYExtension.m in Sources */ = {isa = PBXBuildFile; fileRef = E797D00C1CD63B5A0089F3EB /* UIBarButtonItem+CYExtension.m */; };
		E797D0101CD651C60089F3EB /* TabBar.m in Sources */ = {isa = PBXBuildFile; fileRef = E797D00F1CD651C60089F3EB /* TabBar.m */; };
		E797D0131CD6535F0089F3EB /* UIView+Extension.m in Sources */ = {isa = PBXBuildFile; fileRef = E797D0121CD6535F0089F3EB /* UIView+Extension.m */; };
		E797D0161CD6F3120089F3EB /* CYHTTPTool.m in Sources */ = {isa = PBXBuildFile; fileRef = E797D0151CD6F3120089F3EB /* CYHTTPTool.m */; };
		E7A192401CD6F9C2003DE880 /* FriendTrendsViewController.xib in Resources */ = {isa = PBXBuildFile; fileRef = E7A1923F1CD6F9C2003DE880 /* FriendTrendsViewController.xib */; };
		E7A192441CD6FBC4003DE880 /* RecommendViewController.m in Sources */ = {isa = PBXBuildFile; fileRef = E7A192421CD6FBC4003DE880 /* RecommendViewController.m */; };
		E7A192451CD6FBC4003DE880 /* RecommendViewController.xib in Resources */ = {isa = PBXBuildFile; fileRef = E7A192431CD6FBC4003DE880 /* RecommendViewController.xib */; };
		E7A192481CD6FE0C003DE880 /* RecommendTool.m in Sources */ = {isa = PBXBuildFile; fileRef = E7A192471CD6FE0C003DE880 /* RecommendTool.m */; };
		E7A193701CD7BBEA003DE880 /* SettingViewController.m in Sources */ = {isa = PBXBuildFile; fileRef = E7A1936F1CD7BBEA003DE880 /* SettingViewController.m */; };
		E7A3B40D1D225D250033A37C /* Topic.m in Sources */ = {isa = PBXBuildFile; fileRef = E7A3B40C1D225D250033A37C /* Topic.m */; };
		E7A3B4101D225D360033A37C /* TopicParam.m in Sources */ = {isa = PBXBuildFile; fileRef = E7A3B40F1D225D360033A37C /* TopicParam.m */; };
		E7A3B4131D225D420033A37C /* TopicResult.m in Sources */ = {isa = PBXBuildFile; fileRef = E7A3B4121D225D420033A37C /* TopicResult.m */; };
		E7A3B4161D225D4D0033A37C /* TopicFrame.m in Sources */ = {isa = PBXBuildFile; fileRef = E7A3B4151D225D4D0033A37C /* TopicFrame.m */; };
		E7A3B4191D225D550033A37C /* Theme.m in Sources */ = {isa = PBXBuildFile; fileRef = E7A3B4181D225D550033A37C /* Theme.m */; };
		E7A3B41C1D225D5C0033A37C /* Tag.m in Sources */ = {isa = PBXBuildFile; fileRef = E7A3B41B1D225D5C0033A37C /* Tag.m */; };
		E7A3B41F1D225D650033A37C /* TagsParam.m in Sources */ = {isa = PBXBuildFile; fileRef = E7A3B41E1D225D650033A37C /* TagsParam.m */; };
		E7A3B4221D225EEE0033A37C /* NSDate+Extension.m in Sources */ = {isa = PBXBuildFile; fileRef = E7A3B4211D225EEE0033A37C /* NSDate+Extension.m */; };
		E7A3B4251D2260540033A37C /* TopicTool.m in Sources */ = {isa = PBXBuildFile; fileRef = E7A3B4241D2260540033A37C /* TopicTool.m */; };
		E7A3B4281D22605F0033A37C /* TagTool.m in Sources */ = {isa = PBXBuildFile; fileRef = E7A3B4271D22605F0033A37C /* TagTool.m */; };
		E7A3B42B1D22646C0033A37C /* TopicsViewController.m in Sources */ = {isa = PBXBuildFile; fileRef = E7A3B42A1D22646C0033A37C /* TopicsViewController.m */; };
		E7A3B42F1D2266D30033A37C /* TopicCell.m in Sources */ = {isa = PBXBuildFile; fileRef = E7A3B42D1D2266D30033A37C /* TopicCell.m */; };
		E7A3B4301D2266D30033A37C /* TopicCell.xib in Resources */ = {isa = PBXBuildFile; fileRef = E7A3B42E1D2266D30033A37C /* TopicCell.xib */; };
		E7A3B4331D226A560033A37C /* TitleButton.m in Sources */ = {isa = PBXBuildFile; fileRef = E7A3B4321D226A560033A37C /* TitleButton.m */; };
		E7A3B4361D22785A0033A37C /* PictureView.m in Sources */ = {isa = PBXBuildFile; fileRef = E7A3B4351D22785A0033A37C /* PictureView.m */; };
		E7A3B4381D2278690033A37C /* PictureView.xib in Resources */ = {isa = PBXBuildFile; fileRef = E7A3B4371D2278690033A37C /* PictureView.xib */; };
		E7A3B43B1D2279580033A37C /* ContentView.m in Sources */ = {isa = PBXBuildFile; fileRef = E7A3B43A1D2279580033A37C /* ContentView.m */; };
		E7A3B43E1D227A760033A37C /* MediaView.m in Sources */ = {isa = PBXBuildFile; fileRef = E7A3B43D1D227A760033A37C /* MediaView.m */; };
		E7A3B4411D227B180033A37C /* VideoView.m in Sources */ = {isa = PBXBuildFile; fileRef = E7A3B4401D227B180033A37C /* VideoView.m */; };
		E7A3B4441D227B240033A37C /* VoiceView.m in Sources */ = {isa = PBXBuildFile; fileRef = E7A3B4431D227B240033A37C /* VoiceView.m */; };
		E7A3B4461D227B310033A37C /* VideoView.xib in Resources */ = {isa = PBXBuildFile; fileRef = E7A3B4451D227B310033A37C /* VideoView.xib */; };
		E7A3B4481D227B3D0033A37C /* VoiceView.xib in Resources */ = {isa = PBXBuildFile; fileRef = E7A3B4471D227B3D0033A37C /* VoiceView.xib */; };
		E7A3B44C1D227EC50033A37C /* ShowPictureViewController.m in Sources */ = {isa = PBXBuildFile; fileRef = E7A3B44A1D227EC50033A37C /* ShowPictureViewController.m */; };
		E7A3B44D1D227EC50033A37C /* ShowPictureViewController.xib in Resources */ = {isa = PBXBuildFile; fileRef = E7A3B44B1D227EC50033A37C /* ShowPictureViewController.xib */; };
/* End PBXBuildFile section */

/* Begin PBXContainerItemProxy section */
		E797CFCB1CD62B1E0089F3EB /* PBXContainerItemProxy */ = {
			isa = PBXContainerItemProxy;
			containerPortal = E797CFA91CD62B1E0089F3EB /* Project object */;
			proxyType = 1;
			remoteGlobalIDString = E797CFB01CD62B1E0089F3EB;
			remoteInfo = CYBudejie;
		};
/* End PBXContainerItemProxy section */

/* Begin PBXFileReference section */
		0B64BBB4EFD16AC4E000AF3E /* Pods-CYBudejie.debug.xcconfig */ = {isa = PBXFileReference; includeInIndex = 1; lastKnownFileType = text.xcconfig; name = "Pods-CYBudejie.debug.xcconfig"; path = "Pods/Target Support Files/Pods-CYBudejie/Pods-CYBudejie.debug.xcconfig"; sourceTree = "<group>"; };
		3F0C61236FFCF6D0DECA1817 /* Pods-CYBudejie.release.xcconfig */ = {isa = PBXFileReference; includeInIndex = 1; lastKnownFileType = text.xcconfig; name = "Pods-CYBudejie.release.xcconfig"; path = "Pods/Target Support Files/Pods-CYBudejie/Pods-CYBudejie.release.xcconfig"; sourceTree = "<group>"; };
		56DE910EF28503C206BCF7D7 /* libPods-CYBudejie.a */ = {isa = PBXFileReference; explicitFileType = archive.ar; includeInIndex = 0; path = "libPods-CYBudejie.a"; sourceTree = BUILT_PRODUCTS_DIR; };
		E70164361D23BB360020541E /* MeCell.h */ = {isa = PBXFileReference; fileEncoding = 4; lastKnownFileType = sourcecode.c.h; path = MeCell.h; sourceTree = "<group>"; };
		E70164371D23BB360020541E /* MeCell.m */ = {isa = PBXFileReference; fileEncoding = 4; lastKnownFileType = sourcecode.c.objc; path = MeCell.m; sourceTree = "<group>"; };
		E701643B1D23BCE10020541E /* MeFooterView.h */ = {isa = PBXFileReference; fileEncoding = 4; lastKnownFileType = sourcecode.c.h; path = MeFooterView.h; sourceTree = "<group>"; };
		E701643C1D23BCE10020541E /* MeFooterView.m */ = {isa = PBXFileReference; fileEncoding = 4; lastKnownFileType = sourcecode.c.objc; path = MeFooterView.m; sourceTree = "<group>"; };
		E701643E1D23BD840020541E /* LoginViewController.h */ = {isa = PBXFileReference; fileEncoding = 4; lastKnownFileType = sourcecode.c.h; path = LoginViewController.h; sourceTree = "<group>"; };
		E701643F1D23BD840020541E /* LoginViewController.m */ = {isa = PBXFileReference; fileEncoding = 4; lastKnownFileType = sourcecode.c.objc; path = LoginViewController.m; sourceTree = "<group>"; };
		E70164401D23BD840020541E /* LoginViewController.xib */ = {isa = PBXFileReference; fileEncoding = 4; lastKnownFileType = file.xib; path = LoginViewController.xib; sourceTree = "<group>"; };
		E70164431D23BEF70020541E /* CYTextField.h */ = {isa = PBXFileReference; fileEncoding = 4; lastKnownFileType = sourcecode.c.h; path = CYTextField.h; sourceTree = "<group>"; };
		E70164441D23BEF70020541E /* CYTextField.m */ = {isa = PBXFileReference; fileEncoding = 4; lastKnownFileType = sourcecode.c.objc; path = CYTextField.m; sourceTree = "<group>"; };
		E70164461D23BFFA0020541E /* CYVerticalButton.h */ = {isa = PBXFileReference; fileEncoding = 4; lastKnownFileType = sourcecode.c.h; path = CYVerticalButton.h; sourceTree = "<group>"; };
		E70164471D23BFFA0020541E /* CYVerticalButton.m */ = {isa = PBXFileReference; fileEncoding = 4; lastKnownFileType = sourcecode.c.objc; path = CYVerticalButton.m; sourceTree = "<group>"; };
		E70543731DF031C800441036 /* CYProgressView.h */ = {isa = PBXFileReference; fileEncoding = 4; lastKnownFileType = sourcecode.c.h; path = CYProgressView.h; sourceTree = "<group>"; };
		E70543741DF031C800441036 /* CYProgressView.m */ = {isa = PBXFileReference; fileEncoding = 4; lastKnownFileType = sourcecode.c.objc; path = CYProgressView.m; sourceTree = "<group>"; };
		E70543771DF0337200441036 /* CYPublishView.h */ = {isa = PBXFileReference; fileEncoding = 4; lastKnownFileType = sourcecode.c.h; path = CYPublishView.h; sourceTree = "<group>"; };
		E70543781DF0337200441036 /* CYPublishView.m */ = {isa = PBXFileReference; fileEncoding = 4; lastKnownFileType = sourcecode.c.objc; path = CYPublishView.m; sourceTree = "<group>"; };
		E70543791DF0337200441036 /* CYPublishView.xib */ = {isa = PBXFileReference; fileEncoding = 4; lastKnownFileType = file.xib; path = CYPublishView.xib; sourceTree = "<group>"; };
		E70543F11DF5408000441036 /* CYUser.h */ = {isa = PBXFileReference; fileEncoding = 4; lastKnownFileType = sourcecode.c.h; path = CYUser.h; sourceTree = "<group>"; };
		E70543F21DF5408000441036 /* CYUser.m */ = {isa = PBXFileReference; fileEncoding = 4; lastKnownFileType = sourcecode.c.objc; path = CYUser.m; sourceTree = "<group>"; };
		E70543F41DF5408D00441036 /* CYComment.h */ = {isa = PBXFileReference; fileEncoding = 4; lastKnownFileType = sourcecode.c.h; path = CYComment.h; sourceTree = "<group>"; };
		E70543F51DF5408D00441036 /* CYComment.m */ = {isa = PBXFileReference; fileEncoding = 4; lastKnownFileType = sourcecode.c.objc; path = CYComment.m; sourceTree = "<group>"; };
		E776645D1CDDE0AD0054A5F9 /* RecommendCategory.h */ = {isa = PBXFileReference; fileEncoding = 4; lastKnownFileType = sourcecode.c.h; path = RecommendCategory.h; sourceTree = "<group>"; };
		E776645E1CDDE0AD0054A5F9 /* RecommendCategory.m */ = {isa = PBXFileReference; fileEncoding = 4; lastKnownFileType = sourcecode.c.objc; path = RecommendCategory.m; sourceTree = "<group>"; };
		E77664601CDDE0BC0054A5F9 /* RecommendUser.h */ = {isa = PBXFileReference; fileEncoding = 4; lastKnownFileType = sourcecode.c.h; path = RecommendUser.h; sourceTree = "<group>"; };
		E77664611CDDE0BC0054A5F9 /* RecommendUser.m */ = {isa = PBXFileReference; fileEncoding = 4; lastKnownFileType = sourcecode.c.objc; path = RecommendUser.m; sourceTree = "<group>"; };
		E77664631CDDE27C0054A5F9 /* RecommendCategoryCell.h */ = {isa = PBXFileReference; fileEncoding = 4; lastKnownFileType = sourcecode.c.h; path = RecommendCategoryCell.h; sourceTree = "<group>"; };
		E77664641CDDE27C0054A5F9 /* RecommendCategoryCell.m */ = {isa = PBXFileReference; fileEncoding = 4; lastKnownFileType = sourcecode.c.objc; path = RecommendCategoryCell.m; sourceTree = "<group>"; };
		E77664651CDDE27C0054A5F9 /* RecommendCategoryCell.xib */ = {isa = PBXFileReference; fileEncoding = 4; lastKnownFileType = file.xib; path = RecommendCategoryCell.xib; sourceTree = "<group>"; };
		E77664681CDDE2910054A5F9 /* RecommendUserCell.h */ = {isa = PBXFileReference; fileEncoding = 4; lastKnownFileType = sourcecode.c.h; path = RecommendUserCell.h; sourceTree = "<group>"; };
		E77664691CDDE2910054A5F9 /* RecommendUserCell.m */ = {isa = PBXFileReference; fileEncoding = 4; lastKnownFileType = sourcecode.c.objc; path = RecommendUserCell.m; sourceTree = "<group>"; };
		E776646A1CDDE2910054A5F9 /* RecommendUserCell.xib */ = {isa = PBXFileReference; fileEncoding = 4; lastKnownFileType = file.xib; path = RecommendUserCell.xib; sourceTree = "<group>"; };
		E797CFB11CD62B1E0089F3EB /* CYBudejie.app */ = {isa = PBXFileReference; explicitFileType = wrapper.application; includeInIndex = 0; path = CYBudejie.app; sourceTree = BUILT_PRODUCTS_DIR; };
		E797CFC01CD62B1E0089F3EB /* Assets.xcassets */ = {isa = PBXFileReference; lastKnownFileType = folder.assetcatalog; path = Assets.xcassets; sourceTree = "<group>"; };
		E797CFC51CD62B1E0089F3EB /* Info.plist */ = {isa = PBXFileReference; lastKnownFileType = text.plist.xml; path = Info.plist; sourceTree = "<group>"; };
		E797CFCA1CD62B1E0089F3EB /* CYBudejieUITests.xctest */ = {isa = PBXFileReference; explicitFileType = wrapper.cfbundle; includeInIndex = 0; path = CYBudejieUITests.xctest; sourceTree = BUILT_PRODUCTS_DIR; };
		E797CFCE1CD62B1E0089F3EB /* CYBudejieUITests.m */ = {isa = PBXFileReference; lastKnownFileType = sourcecode.c.objc; path = CYBudejieUITests.m; sourceTree = "<group>"; };
		E797CFD01CD62B1E0089F3EB /* Info.plist */ = {isa = PBXFileReference; lastKnownFileType = text.plist.xml; path = Info.plist; sourceTree = "<group>"; };
		E797CFF01CD634970089F3EB /* AppDelegate.h */ = {isa = PBXFileReference; fileEncoding = 4; lastKnownFileType = sourcecode.c.h; path = AppDelegate.h; sourceTree = "<group>"; };
		E797CFF11CD634970089F3EB /* AppDelegate.m */ = {isa = PBXFileReference; fileEncoding = 4; lastKnownFileType = sourcecode.c.objc; path = AppDelegate.m; sourceTree = "<group>"; };
		E797CFF21CD634970089F3EB /* main.m */ = {isa = PBXFileReference; fileEncoding = 4; lastKnownFileType = sourcecode.c.objc; path = main.m; sourceTree = "<group>"; };
		E797CFF31CD634970089F3EB /* PrefixHeader.pch */ = {isa = PBXFileReference; fileEncoding = 4; lastKnownFileType = sourcecode.c.h; path = PrefixHeader.pch; sourceTree = "<group>"; };
		E797CFF61CD6350C0089F3EB /* MainViewController.h */ = {isa = PBXFileReference; fileEncoding = 4; lastKnownFileType = sourcecode.c.h; path = MainViewController.h; sourceTree = "<group>"; };
		E797CFF71CD6350C0089F3EB /* MainViewController.m */ = {isa = PBXFileReference; fileEncoding = 4; lastKnownFileType = sourcecode.c.objc; path = MainViewController.m; sourceTree = "<group>"; };
		E797CFF91CD636340089F3EB /* NavigationViewController.h */ = {isa = PBXFileReference; fileEncoding = 4; lastKnownFileType = sourcecode.c.h; path = NavigationViewController.h; sourceTree = "<group>"; };
		E797CFFA1CD636340089F3EB /* NavigationViewController.m */ = {isa = PBXFileReference; fileEncoding = 4; lastKnownFileType = sourcecode.c.objc; path = NavigationViewController.m; sourceTree = "<group>"; };
		E797CFFC1CD637180089F3EB /* EssenceViewController.h */ = {isa = PBXFileReference; fileEncoding = 4; lastKnownFileType = sourcecode.c.h; path = EssenceViewController.h; sourceTree = "<group>"; };
		E797CFFD1CD637180089F3EB /* EssenceViewController.m */ = {isa = PBXFileReference; fileEncoding = 4; lastKnownFileType = sourcecode.c.objc; path = EssenceViewController.m; sourceTree = "<group>"; };
		E797CFFF1CD637440089F3EB /* NewViewController.h */ = {isa = PBXFileReference; fileEncoding = 4; lastKnownFileType = sourcecode.c.h; path = NewViewController.h; sourceTree = "<group>"; };
		E797D0001CD637440089F3EB /* NewViewController.m */ = {isa = PBXFileReference; fileEncoding = 4; lastKnownFileType = sourcecode.c.objc; path = NewViewController.m; sourceTree = "<group>"; };
		E797D0021CD637660089F3EB /* FriendTrendsViewController.h */ = {isa = PBXFileReference; fileEncoding = 4; lastKnownFileType = sourcecode.c.h; path = FriendTrendsViewController.h; sourceTree = "<group>"; };
		E797D0031CD637660089F3EB /* FriendTrendsViewController.m */ = {isa = PBXFileReference; fileEncoding = 4; lastKnownFileType = sourcecode.c.objc; path = FriendTrendsViewController.m; sourceTree = "<group>"; };
		E797D0051CD6377A0089F3EB /* MeViewController.h */ = {isa = PBXFileReference; fileEncoding = 4; lastKnownFileType = sourcecode.c.h; path = MeViewController.h; sourceTree = "<group>"; };
		E797D0061CD6377A0089F3EB /* MeViewController.m */ = {isa = PBXFileReference; fileEncoding = 4; lastKnownFileType = sourcecode.c.objc; path = MeViewController.m; sourceTree = "<group>"; };
		E797D00B1CD63B5A0089F3EB /* UIBarButtonItem+CYExtension.h */ = {isa = PBXFileReference; fileEncoding = 4; lastKnownFileType = sourcecode.c.h; path = "UIBarButtonItem+CYExtension.h"; sourceTree = "<group>"; };
		E797D00C1CD63B5A0089F3EB /* UIBarButtonItem+CYExtension.m */ = {isa = PBXFileReference; fileEncoding = 4; lastKnownFileType = sourcecode.c.objc; path = "UIBarButtonItem+CYExtension.m"; sourceTree = "<group>"; };
		E797D00E1CD651C60089F3EB /* TabBar.h */ = {isa = PBXFileReference; fileEncoding = 4; lastKnownFileType = sourcecode.c.h; path = TabBar.h; sourceTree = "<group>"; };
		E797D00F1CD651C60089F3EB /* TabBar.m */ = {isa = PBXFileReference; fileEncoding = 4; lastKnownFileType = sourcecode.c.objc; path = TabBar.m; sourceTree = "<group>"; };
		E797D0111CD6535F0089F3EB /* UIView+Extension.h */ = {isa = PBXFileReference; fileEncoding = 4; lastKnownFileType = sourcecode.c.h; path = "UIView+Extension.h"; sourceTree = "<group>"; };
		E797D0121CD6535F0089F3EB /* UIView+Extension.m */ = {isa = PBXFileReference; fileEncoding = 4; lastKnownFileType = sourcecode.c.objc; path = "UIView+Extension.m"; sourceTree = "<group>"; };
		E797D0141CD6F3120089F3EB /* CYHTTPTool.h */ = {isa = PBXFileReference; fileEncoding = 4; lastKnownFileType = sourcecode.c.h; path = CYHTTPTool.h; sourceTree = "<group>"; };
		E797D0151CD6F3120089F3EB /* CYHTTPTool.m */ = {isa = PBXFileReference; fileEncoding = 4; lastKnownFileType = sourcecode.c.objc; path = CYHTTPTool.m; sourceTree = "<group>"; };
		E7A1923F1CD6F9C2003DE880 /* FriendTrendsViewController.xib */ = {isa = PBXFileReference; fileEncoding = 4; lastKnownFileType = file.xib; path = FriendTrendsViewController.xib; sourceTree = "<group>"; };
		E7A192411CD6FBC4003DE880 /* RecommendViewController.h */ = {isa = PBXFileReference; fileEncoding = 4; lastKnownFileType = sourcecode.c.h; path = RecommendViewController.h; sourceTree = "<group>"; };
		E7A192421CD6FBC4003DE880 /* RecommendViewController.m */ = {isa = PBXFileReference; fileEncoding = 4; lastKnownFileType = sourcecode.c.objc; path = RecommendViewController.m; sourceTree = "<group>"; };
		E7A192431CD6FBC4003DE880 /* RecommendViewController.xib */ = {isa = PBXFileReference; fileEncoding = 4; lastKnownFileType = file.xib; path = RecommendViewController.xib; sourceTree = "<group>"; };
		E7A192461CD6FE0C003DE880 /* RecommendTool.h */ = {isa = PBXFileReference; fileEncoding = 4; lastKnownFileType = sourcecode.c.h; path = RecommendTool.h; sourceTree = "<group>"; };
		E7A192471CD6FE0C003DE880 /* RecommendTool.m */ = {isa = PBXFileReference; fileEncoding = 4; lastKnownFileType = sourcecode.c.objc; path = RecommendTool.m; sourceTree = "<group>"; };
		E7A1936E1CD7BBEA003DE880 /* SettingViewController.h */ = {isa = PBXFileReference; fileEncoding = 4; lastKnownFileType = sourcecode.c.h; path = SettingViewController.h; sourceTree = "<group>"; };
		E7A1936F1CD7BBEA003DE880 /* SettingViewController.m */ = {isa = PBXFileReference; fileEncoding = 4; lastKnownFileType = sourcecode.c.objc; path = SettingViewController.m; sourceTree = "<group>"; };
		E7A3B40B1D225D250033A37C /* Topic.h */ = {isa = PBXFileReference; fileEncoding = 4; lastKnownFileType = sourcecode.c.h; path = Topic.h; sourceTree = "<group>"; };
		E7A3B40C1D225D250033A37C /* Topic.m */ = {isa = PBXFileReference; fileEncoding = 4; lastKnownFileType = sourcecode.c.objc; path = Topic.m; sourceTree = "<group>"; };
		E7A3B40E1D225D360033A37C /* TopicParam.h */ = {isa = PBXFileReference; fileEncoding = 4; lastKnownFileType = sourcecode.c.h; path = TopicParam.h; sourceTree = "<group>"; };
		E7A3B40F1D225D360033A37C /* TopicParam.m */ = {isa = PBXFileReference; fileEncoding = 4; lastKnownFileType = sourcecode.c.objc; path = TopicParam.m; sourceTree = "<group>"; };
		E7A3B4111D225D420033A37C /* TopicResult.h */ = {isa = PBXFileReference; fileEncoding = 4; lastKnownFileType = sourcecode.c.h; path = TopicResult.h; sourceTree = "<group>"; };
		E7A3B4121D225D420033A37C /* TopicResult.m */ = {isa = PBXFileReference; fileEncoding = 4; lastKnownFileType = sourcecode.c.objc; path = TopicResult.m; sourceTree = "<group>"; };
		E7A3B4141D225D4D0033A37C /* TopicFrame.h */ = {isa = PBXFileReference; fileEncoding = 4; lastKnownFileType = sourcecode.c.h; path = TopicFrame.h; sourceTree = "<group>"; };
		E7A3B4151D225D4D0033A37C /* TopicFrame.m */ = {isa = PBXFileReference; fileEncoding = 4; lastKnownFileType = sourcecode.c.objc; path = TopicFrame.m; sourceTree = "<group>"; };
		E7A3B4171D225D550033A37C /* Theme.h */ = {isa = PBXFileReference; fileEncoding = 4; lastKnownFileType = sourcecode.c.h; path = Theme.h; sourceTree = "<group>"; };
		E7A3B4181D225D550033A37C /* Theme.m */ = {isa = PBXFileReference; fileEncoding = 4; lastKnownFileType = sourcecode.c.objc; path = Theme.m; sourceTree = "<group>"; };
		E7A3B41A1D225D5C0033A37C /* Tag.h */ = {isa = PBXFileReference; fileEncoding = 4; lastKnownFileType = sourcecode.c.h; path = Tag.h; sourceTree = "<group>"; };
		E7A3B41B1D225D5C0033A37C /* Tag.m */ = {isa = PBXFileReference; fileEncoding = 4; lastKnownFileType = sourcecode.c.objc; path = Tag.m; sourceTree = "<group>"; };
		E7A3B41D1D225D650033A37C /* TagsParam.h */ = {isa = PBXFileReference; fileEncoding = 4; lastKnownFileType = sourcecode.c.h; path = TagsParam.h; sourceTree = "<group>"; };
		E7A3B41E1D225D650033A37C /* TagsParam.m */ = {isa = PBXFileReference; fileEncoding = 4; lastKnownFileType = sourcecode.c.objc; path = TagsParam.m; sourceTree = "<group>"; };
		E7A3B4201D225EEE0033A37C /* NSDate+Extension.h */ = {isa = PBXFileReference; fileEncoding = 4; lastKnownFileType = sourcecode.c.h; path = "NSDate+Extension.h"; sourceTree = "<group>"; };
		E7A3B4211D225EEE0033A37C /* NSDate+Extension.m */ = {isa = PBXFileReference; fileEncoding = 4; lastKnownFileType = sourcecode.c.objc; path = "NSDate+Extension.m"; sourceTree = "<group>"; };
		E7A3B4231D2260540033A37C /* TopicTool.h */ = {isa = PBXFileReference; fileEncoding = 4; lastKnownFileType = sourcecode.c.h; path = TopicTool.h; sourceTree = "<group>"; };
		E7A3B4241D2260540033A37C /* TopicTool.m */ = {isa = PBXFileReference; fileEncoding = 4; lastKnownFileType = sourcecode.c.objc; path = TopicTool.m; sourceTree = "<group>"; };
		E7A3B4261D22605F0033A37C /* TagTool.h */ = {isa = PBXFileReference; fileEncoding = 4; lastKnownFileType = sourcecode.c.h; path = TagTool.h; sourceTree = "<group>"; };
		E7A3B4271D22605F0033A37C /* TagTool.m */ = {isa = PBXFileReference; fileEncoding = 4; lastKnownFileType = sourcecode.c.objc; path = TagTool.m; sourceTree = "<group>"; };
		E7A3B4291D22646C0033A37C /* TopicsViewController.h */ = {isa = PBXFileReference; fileEncoding = 4; lastKnownFileType = sourcecode.c.h; path = TopicsViewController.h; sourceTree = "<group>"; };
		E7A3B42A1D22646C0033A37C /* TopicsViewController.m */ = {isa = PBXFileReference; fileEncoding = 4; lastKnownFileType = sourcecode.c.objc; path = TopicsViewController.m; sourceTree = "<group>"; };
		E7A3B42C1D2266D30033A37C /* TopicCell.h */ = {isa = PBXFileReference; fileEncoding = 4; lastKnownFileType = sourcecode.c.h; path = TopicCell.h; sourceTree = "<group>"; };
		E7A3B42D1D2266D30033A37C /* TopicCell.m */ = {isa = PBXFileReference; fileEncoding = 4; lastKnownFileType = sourcecode.c.objc; path = TopicCell.m; sourceTree = "<group>"; };
		E7A3B42E1D2266D30033A37C /* TopicCell.xib */ = {isa = PBXFileReference; fileEncoding = 4; lastKnownFileType = file.xib; path = TopicCell.xib; sourceTree = "<group>"; };
		E7A3B4311D226A560033A37C /* TitleButton.h */ = {isa = PBXFileReference; fileEncoding = 4; lastKnownFileType = sourcecode.c.h; path = TitleButton.h; sourceTree = "<group>"; };
		E7A3B4321D226A560033A37C /* TitleButton.m */ = {isa = PBXFileReference; fileEncoding = 4; lastKnownFileType = sourcecode.c.objc; path = TitleButton.m; sourceTree = "<group>"; };
		E7A3B4341D22785A0033A37C /* PictureView.h */ = {isa = PBXFileReference; fileEncoding = 4; lastKnownFileType = sourcecode.c.h; path = PictureView.h; sourceTree = "<group>"; };
		E7A3B4351D22785A0033A37C /* PictureView.m */ = {isa = PBXFileReference; fileEncoding = 4; lastKnownFileType = sourcecode.c.objc; path = PictureView.m; sourceTree = "<group>"; };
		E7A3B4371D2278690033A37C /* PictureView.xib */ = {isa = PBXFileReference; fileEncoding = 4; lastKnownFileType = file.xib; path = PictureView.xib; sourceTree = "<group>"; };
		E7A3B4391D2279580033A37C /* ContentView.h */ = {isa = PBXFileReference; fileEncoding = 4; lastKnownFileType = sourcecode.c.h; path = ContentView.h; sourceTree = "<group>"; };
		E7A3B43A1D2279580033A37C /* ContentView.m */ = {isa = PBXFileReference; fileEncoding = 4; lastKnownFileType = sourcecode.c.objc; path = ContentView.m; sourceTree = "<group>"; };
		E7A3B43C1D227A760033A37C /* MediaView.h */ = {isa = PBXFileReference; fileEncoding = 4; lastKnownFileType = sourcecode.c.h; path = MediaView.h; sourceTree = "<group>"; };
		E7A3B43D1D227A760033A37C /* MediaView.m */ = {isa = PBXFileReference; fileEncoding = 4; lastKnownFileType = sourcecode.c.objc; path = MediaView.m; sourceTree = "<group>"; };
		E7A3B43F1D227B180033A37C /* VideoView.h */ = {isa = PBXFileReference; fileEncoding = 4; lastKnownFileType = sourcecode.c.h; path = VideoView.h; sourceTree = "<group>"; };
		E7A3B4401D227B180033A37C /* VideoView.m */ = {isa = PBXFileReference; fileEncoding = 4; lastKnownFileType = sourcecode.c.objc; path = VideoView.m; sourceTree = "<group>"; };
		E7A3B4421D227B240033A37C /* VoiceView.h */ = {isa = PBXFileReference; fileEncoding = 4; lastKnownFileType = sourcecode.c.h; path = VoiceView.h; sourceTree = "<group>"; };
		E7A3B4431D227B240033A37C /* VoiceView.m */ = {isa = PBXFileReference; fileEncoding = 4; lastKnownFileType = sourcecode.c.objc; path = VoiceView.m; sourceTree = "<group>"; };
		E7A3B4451D227B310033A37C /* VideoView.xib */ = {isa = PBXFileReference; fileEncoding = 4; lastKnownFileType = file.xib; path = VideoView.xib; sourceTree = "<group>"; };
		E7A3B4471D227B3D0033A37C /* VoiceView.xib */ = {isa = PBXFileReference; fileEncoding = 4; lastKnownFileType = file.xib; path = VoiceView.xib; sourceTree = "<group>"; };
		E7A3B4491D227EC50033A37C /* ShowPictureViewController.h */ = {isa = PBXFileReference; fileEncoding = 4; lastKnownFileType = sourcecode.c.h; path = ShowPictureViewController.h; sourceTree = "<group>"; };
		E7A3B44A1D227EC50033A37C /* ShowPictureViewController.m */ = {isa = PBXFileReference; fileEncoding = 4; lastKnownFileType = sourcecode.c.objc; path = ShowPictureViewController.m; sourceTree = "<group>"; };
		E7A3B44B1D227EC50033A37C /* ShowPictureViewController.xib */ = {isa = PBXFileReference; fileEncoding = 4; lastKnownFileType = file.xib; path = ShowPictureViewController.xib; sourceTree = "<group>"; };
/* End PBXFileReference section */

/* Begin PBXFrameworksBuildPhase section */
		E797CFAE1CD62B1E0089F3EB /* Frameworks */ = {
			isa = PBXFrameworksBuildPhase;
			buildActionMask = 2147483647;
			files = (
				C114B1688369D16E48C49B3E /* libPods-CYBudejie.a in Frameworks */,
			);
			runOnlyForDeploymentPostprocessing = 0;
		};
		E797CFC71CD62B1E0089F3EB /* Frameworks */ = {
			isa = PBXFrameworksBuildPhase;
			buildActionMask = 2147483647;
			files = (
			);
			runOnlyForDeploymentPostprocessing = 0;
		};
/* End PBXFrameworksBuildPhase section */

/* Begin PBXGroup section */
		179FA21302CCB17606EBA0B6 /* Pods */ = {
			isa = PBXGroup;
			children = (
				0B64BBB4EFD16AC4E000AF3E /* Pods-CYBudejie.debug.xcconfig */,
				3F0C61236FFCF6D0DECA1817 /* Pods-CYBudejie.release.xcconfig */,
			);
			name = Pods;
			sourceTree = "<group>";
		};
		B4B708A75C1C34F2BC6ED4F2 /* Frameworks */ = {
			isa = PBXGroup;
			children = (
				56DE910EF28503C206BCF7D7 /* libPods-CYBudejie.a */,
			);
			name = Frameworks;
			sourceTree = "<group>";
		};
		E70164341D23B9C20020541E /* Model */ = {
			isa = PBXGroup;
			children = (
			);
			path = Model;
			sourceTree = "<group>";
		};
		E70164351D23B9C20020541E /* View */ = {
			isa = PBXGroup;
			children = (
				E70164361D23BB360020541E /* MeCell.h */,
				E70164371D23BB360020541E /* MeCell.m */,
				E701643B1D23BCE10020541E /* MeFooterView.h */,
				E701643C1D23BCE10020541E /* MeFooterView.m */,
			);
			path = View;
			sourceTree = "<group>";
		};
		E70543761DF0334800441036 /* Controller */ = {
			isa = PBXGroup;
			children = (
				E70543771DF0337200441036 /* CYPublishView.h */,
				E70543781DF0337200441036 /* CYPublishView.m */,
				E70543791DF0337200441036 /* CYPublishView.xib */,
			);
			name = Controller;
			sourceTree = "<group>";
		};
		E797CFA81CD62B1E0089F3EB = {
			isa = PBXGroup;
			children = (
				E797CFB31CD62B1E0089F3EB /* CYBudejie */,
				E797CFCD1CD62B1E0089F3EB /* CYBudejieUITests */,
				E797CFB21CD62B1E0089F3EB /* Products */,
				179FA21302CCB17606EBA0B6 /* Pods */,
				B4B708A75C1C34F2BC6ED4F2 /* Frameworks */,
			);
			sourceTree = "<group>";
		};
		E797CFB21CD62B1E0089F3EB /* Products */ = {
			isa = PBXGroup;
			children = (
				E797CFB11CD62B1E0089F3EB /* CYBudejie.app */,
				E797CFCA1CD62B1E0089F3EB /* CYBudejieUITests.xctest */,
			);
			name = Products;
			sourceTree = "<group>";
		};
		E797CFB31CD62B1E0089F3EB /* CYBudejie */ = {
			isa = PBXGroup;
			children = (
				E797CFDA1CD634970089F3EB /* Classes */,
				E797CFB41CD62B1E0089F3EB /* Supporting Files */,
			);
			path = CYBudejie;
			sourceTree = "<group>";
		};
		E797CFB41CD62B1E0089F3EB /* Supporting Files */ = {
			isa = PBXGroup;
			children = (
				E797CFC01CD62B1E0089F3EB /* Assets.xcassets */,
				E797CFC51CD62B1E0089F3EB /* Info.plist */,
			);
			name = "Supporting Files";
			sourceTree = "<group>";
		};
		E797CFCD1CD62B1E0089F3EB /* CYBudejieUITests */ = {
			isa = PBXGroup;
			children = (
				E797CFCE1CD62B1E0089F3EB /* CYBudejieUITests.m */,
				E797CFD01CD62B1E0089F3EB /* Info.plist */,
			);
			path = CYBudejieUITests;
			sourceTree = "<group>";
		};
		E797CFDA1CD634970089F3EB /* Classes */ = {
			isa = PBXGroup;
			children = (
				E797CFDB1CD634970089F3EB /* Essence */,
				E797CFE01CD634970089F3EB /* FriendTrends */,
				E797CFE51CD634970089F3EB /* Main */,
				E797CFEB1CD634970089F3EB /* Me */,
				E797CFED1CD634970089F3EB /* New */,
				E797CFEF1CD634970089F3EB /* Other */,
			);
			path = Classes;
			sourceTree = "<group>";
		};
		E797CFDB1CD634970089F3EB /* Essence */ = {
			isa = PBXGroup;
			children = (
				E797CFDC1CD634970089F3EB /* Controller */,
				E797CFDD1CD634970089F3EB /* Model */,
				E797CFDE1CD634970089F3EB /* Tool */,
				E797CFDF1CD634970089F3EB /* View */,
			);
			path = Essence;
			sourceTree = "<group>";
		};
		E797CFDC1CD634970089F3EB /* Controller */ = {
			isa = PBXGroup;
			children = (
				E797CFFC1CD637180089F3EB /* EssenceViewController.h */,
				E797CFFD1CD637180089F3EB /* EssenceViewController.m */,
				E7A3B4291D22646C0033A37C /* TopicsViewController.h */,
				E7A3B42A1D22646C0033A37C /* TopicsViewController.m */,
				E7A3B4491D227EC50033A37C /* ShowPictureViewController.h */,
				E7A3B44A1D227EC50033A37C /* ShowPictureViewController.m */,
				E7A3B44B1D227EC50033A37C /* ShowPictureViewController.xib */,
			);
			path = Controller;
			sourceTree = "<group>";
		};
		E797CFDD1CD634970089F3EB /* Model */ = {
			isa = PBXGroup;
			children = (
				E7A3B40E1D225D360033A37C /* TopicParam.h */,
				E7A3B40F1D225D360033A37C /* TopicParam.m */,
				E7A3B4111D225D420033A37C /* TopicResult.h */,
				E7A3B4121D225D420033A37C /* TopicResult.m */,
				E7A3B40B1D225D250033A37C /* Topic.h */,
				E7A3B40C1D225D250033A37C /* Topic.m */,
				E7A3B4141D225D4D0033A37C /* TopicFrame.h */,
				E7A3B4151D225D4D0033A37C /* TopicFrame.m */,
				E70543F11DF5408000441036 /* CYUser.h */,
				E70543F21DF5408000441036 /* CYUser.m */,
				E70543F41DF5408D00441036 /* CYComment.h */,
				E70543F51DF5408D00441036 /* CYComment.m */,
				E7A3B4171D225D550033A37C /* Theme.h */,
				E7A3B4181D225D550033A37C /* Theme.m */,
				E7A3B41A1D225D5C0033A37C /* Tag.h */,
				E7A3B41B1D225D5C0033A37C /* Tag.m */,
				E7A3B41D1D225D650033A37C /* TagsParam.h */,
				E7A3B41E1D225D650033A37C /* TagsParam.m */,
			);
			path = Model;
			sourceTree = "<group>";
		};
		E797CFDE1CD634970089F3EB /* Tool */ = {
			isa = PBXGroup;
			children = (
				E7A3B4231D2260540033A37C /* TopicTool.h */,
				E7A3B4241D2260540033A37C /* TopicTool.m */,
				E7A3B4261D22605F0033A37C /* TagTool.h */,
				E7A3B4271D22605F0033A37C /* TagTool.m */,
			);
			path = Tool;
			sourceTree = "<group>";
		};
		E797CFDF1CD634970089F3EB /* View */ = {
			isa = PBXGroup;
			children = (
				E7A3B4311D226A560033A37C /* TitleButton.h */,
				E7A3B4321D226A560033A37C /* TitleButton.m */,
				E7A3B42C1D2266D30033A37C /* TopicCell.h */,
				E7A3B42D1D2266D30033A37C /* TopicCell.m */,
				E7A3B42E1D2266D30033A37C /* TopicCell.xib */,
				E7A3B4391D2279580033A37C /* ContentView.h */,
				E7A3B43A1D2279580033A37C /* ContentView.m */,
				E7A3B4341D22785A0033A37C /* PictureView.h */,
				E7A3B4351D22785A0033A37C /* PictureView.m */,
				E7A3B4371D2278690033A37C /* PictureView.xib */,
				E7A3B43C1D227A760033A37C /* MediaView.h */,
				E7A3B43D1D227A760033A37C /* MediaView.m */,
				E7A3B43F1D227B180033A37C /* VideoView.h */,
				E7A3B4401D227B180033A37C /* VideoView.m */,
				E7A3B4451D227B310033A37C /* VideoView.xib */,
				E7A3B4421D227B240033A37C /* VoiceView.h */,
				E7A3B4431D227B240033A37C /* VoiceView.m */,
				E7A3B4471D227B3D0033A37C /* VoiceView.xib */,
				E70543731DF031C800441036 /* CYProgressView.h */,
				E70543741DF031C800441036 /* CYProgressView.m */,
			);
			path = View;
			sourceTree = "<group>";
		};
		E797CFE01CD634970089F3EB /* FriendTrends */ = {
			isa = PBXGroup;
			children = (
				E797CFE11CD634970089F3EB /* Controller */,
				E797CFE21CD634970089F3EB /* Model */,
				E797CFE31CD634970089F3EB /* Tool */,
				E797CFE41CD634970089F3EB /* View */,
			);
			path = FriendTrends;
			sourceTree = "<group>";
		};
		E797CFE11CD634970089F3EB /* Controller */ = {
			isa = PBXGroup;
			children = (
				E797D0021CD637660089F3EB /* FriendTrendsViewController.h */,
				E797D0031CD637660089F3EB /* FriendTrendsViewController.m */,
				E7A1923F1CD6F9C2003DE880 /* FriendTrendsViewController.xib */,
				E7A192411CD6FBC4003DE880 /* RecommendViewController.h */,
				E7A192421CD6FBC4003DE880 /* RecommendViewController.m */,
				E7A192431CD6FBC4003DE880 /* RecommendViewController.xib */,
				E701643E1D23BD840020541E /* LoginViewController.h */,
				E701643F1D23BD840020541E /* LoginViewController.m */,
				E70164401D23BD840020541E /* LoginViewController.xib */,
			);
			path = Controller;
			sourceTree = "<group>";
		};
		E797CFE21CD634970089F3EB /* Model */ = {
			isa = PBXGroup;
			children = (
				E776645D1CDDE0AD0054A5F9 /* RecommendCategory.h */,
				E776645E1CDDE0AD0054A5F9 /* RecommendCategory.m */,
				E77664601CDDE0BC0054A5F9 /* RecommendUser.h */,
				E77664611CDDE0BC0054A5F9 /* RecommendUser.m */,
			);
			path = Model;
			sourceTree = "<group>";
		};
		E797CFE31CD634970089F3EB /* Tool */ = {
			isa = PBXGroup;
			children = (
				E7A192461CD6FE0C003DE880 /* RecommendTool.h */,
				E7A192471CD6FE0C003DE880 /* RecommendTool.m */,
			);
			path = Tool;
			sourceTree = "<group>";
		};
		E797CFE41CD634970089F3EB /* View */ = {
			isa = PBXGroup;
			children = (
				E77664631CDDE27C0054A5F9 /* RecommendCategoryCell.h */,
				E77664641CDDE27C0054A5F9 /* RecommendCategoryCell.m */,
				E77664651CDDE27C0054A5F9 /* RecommendCategoryCell.xib */,
				E77664681CDDE2910054A5F9 /* RecommendUserCell.h */,
				E77664691CDDE2910054A5F9 /* RecommendUserCell.m */,
				E776646A1CDDE2910054A5F9 /* RecommendUserCell.xib */,
				E70164431D23BEF70020541E /* CYTextField.h */,
				E70164441D23BEF70020541E /* CYTextField.m */,
				E70164461D23BFFA0020541E /* CYVerticalButton.h */,
				E70164471D23BFFA0020541E /* CYVerticalButton.m */,
			);
			path = View;
			sourceTree = "<group>";
		};
		E797CFE51CD634970089F3EB /* Main */ = {
			isa = PBXGroup;
			children = (
				E797CFE61CD634970089F3EB /* Category */,
				E797CFE71CD634970089F3EB /* Controller */,
				E797CFE81CD634970089F3EB /* Model */,
				E797CFE91CD634970089F3EB /* Tool */,
				E797CFEA1CD634970089F3EB /* View */,
			);
			path = Main;
			sourceTree = "<group>";
		};
		E797CFE61CD634970089F3EB /* Category */ = {
			isa = PBXGroup;
			children = (
				E797D00B1CD63B5A0089F3EB /* UIBarButtonItem+CYExtension.h */,
				E797D00C1CD63B5A0089F3EB /* UIBarButtonItem+CYExtension.m */,
				E797D0111CD6535F0089F3EB /* UIView+Extension.h */,
				E797D0121CD6535F0089F3EB /* UIView+Extension.m */,
				E7A3B4201D225EEE0033A37C /* NSDate+Extension.h */,
				E7A3B4211D225EEE0033A37C /* NSDate+Extension.m */,
			);
			path = Category;
			sourceTree = "<group>";
		};
		E797CFE71CD634970089F3EB /* Controller */ = {
			isa = PBXGroup;
			children = (
				E797CFF61CD6350C0089F3EB /* MainViewController.h */,
				E797CFF71CD6350C0089F3EB /* MainViewController.m */,
				E797CFF91CD636340089F3EB /* NavigationViewController.h */,
				E797CFFA1CD636340089F3EB /* NavigationViewController.m */,
			);
			path = Controller;
			sourceTree = "<group>";
		};
		E797CFE81CD634970089F3EB /* Model */ = {
			isa = PBXGroup;
			children = (
			);
			path = Model;
			sourceTree = "<group>";
		};
		E797CFE91CD634970089F3EB /* Tool */ = {
			isa = PBXGroup;
			children = (
				E797D0141CD6F3120089F3EB /* CYHTTPTool.h */,
				E797D0151CD6F3120089F3EB /* CYHTTPTool.m */,
			);
			path = Tool;
			sourceTree = "<group>";
		};
		E797CFEA1CD634970089F3EB /* View */ = {
			isa = PBXGroup;
			children = (
				E797D00E1CD651C60089F3EB /* TabBar.h */,
				E797D00F1CD651C60089F3EB /* TabBar.m */,
			);
			path = View;
			sourceTree = "<group>";
		};
		E797CFEB1CD634970089F3EB /* Me */ = {
			isa = PBXGroup;
			children = (
				E70164341D23B9C20020541E /* Model */,
				E70164351D23B9C20020541E /* View */,
				E797CFEC1CD634970089F3EB /* Controller */,
			);
			path = Me;
			sourceTree = "<group>";
		};
		E797CFEC1CD634970089F3EB /* Controller */ = {
			isa = PBXGroup;
			children = (
				E797D0051CD6377A0089F3EB /* MeViewController.h */,
				E797D0061CD6377A0089F3EB /* MeViewController.m */,
				E7A1936E1CD7BBEA003DE880 /* SettingViewController.h */,
				E7A1936F1CD7BBEA003DE880 /* SettingViewController.m */,
			);
			path = Controller;
			sourceTree = "<group>";
		};
		E797CFED1CD634970089F3EB /* New */ = {
			isa = PBXGroup;
			children = (
				E797CFEE1CD634970089F3EB /* Controller */,
			);
			path = New;
			sourceTree = "<group>";
		};
		E797CFEE1CD634970089F3EB /* Controller */ = {
			isa = PBXGroup;
			children = (
				E797CFFF1CD637440089F3EB /* NewViewController.h */,
				E797D0001CD637440089F3EB /* NewViewController.m */,
			);
			path = Controller;
			sourceTree = "<group>";
		};
		E797CFEF1CD634970089F3EB /* Other */ = {
			isa = PBXGroup;
			children = (
				E70543761DF0334800441036 /* Controller */,
				E797CFF01CD634970089F3EB /* AppDelegate.h */,
				E797CFF11CD634970089F3EB /* AppDelegate.m */,
				E797CFF21CD634970089F3EB /* main.m */,
				E797CFF31CD634970089F3EB /* PrefixHeader.pch */,
			);
			path = Other;
			sourceTree = "<group>";
		};
/* End PBXGroup section */

/* Begin PBXNativeTarget section */
		E797CFB01CD62B1E0089F3EB /* CYBudejie */ = {
			isa = PBXNativeTarget;
			buildConfigurationList = E797CFD31CD62B1E0089F3EB /* Build configuration list for PBXNativeTarget "CYBudejie" */;
			buildPhases = (
				93A1EDBC354FCE71D78CEF50 /* [CP] Check Pods Manifest.lock */,
				E797CFAD1CD62B1E0089F3EB /* Sources */,
				E797CFAE1CD62B1E0089F3EB /* Frameworks */,
				E797CFAF1CD62B1E0089F3EB /* Resources */,
				4C42D2473FC47447C759044E /* [CP] Embed Pods Frameworks */,
				9A972829C7B7C6399EF3CDCF /* [CP] Copy Pods Resources */,
			);
			buildRules = (
			);
			dependencies = (
			);
			name = CYBudejie;
			productName = CYBudejie;
			productReference = E797CFB11CD62B1E0089F3EB /* CYBudejie.app */;
			productType = "com.apple.product-type.application";
		};
		E797CFC91CD62B1E0089F3EB /* CYBudejieUITests */ = {
			isa = PBXNativeTarget;
			buildConfigurationList = E797CFD61CD62B1E0089F3EB /* Build configuration list for PBXNativeTarget "CYBudejieUITests" */;
			buildPhases = (
				E797CFC61CD62B1E0089F3EB /* Sources */,
				E797CFC71CD62B1E0089F3EB /* Frameworks */,
				E797CFC81CD62B1E0089F3EB /* Resources */,
			);
			buildRules = (
			);
			dependencies = (
				E797CFCC1CD62B1E0089F3EB /* PBXTargetDependency */,
			);
			name = CYBudejieUITests;
			productName = CYBudejieUITests;
			productReference = E797CFCA1CD62B1E0089F3EB /* CYBudejieUITests.xctest */;
			productType = "com.apple.product-type.bundle.ui-testing";
		};
/* End PBXNativeTarget section */

/* Begin PBXProject section */
		E797CFA91CD62B1E0089F3EB /* Project object */ = {
			isa = PBXProject;
			attributes = {
				LastUpgradeCheck = 0810;
				ORGANIZATIONNAME = Cyrill;
				TargetAttributes = {
					E797CFB01CD62B1E0089F3EB = {
						CreatedOnToolsVersion = 7.3;
						DevelopmentTeam = 7ENE4DHQ7N;
					};
					E797CFC91CD62B1E0089F3EB = {
						CreatedOnToolsVersion = 7.3;
						TestTargetID = E797CFB01CD62B1E0089F3EB;
					};
				};
			};
			buildConfigurationList = E797CFAC1CD62B1E0089F3EB /* Build configuration list for PBXProject "CYBudejie" */;
			compatibilityVersion = "Xcode 3.2";
			developmentRegion = English;
			hasScannedForEncodings = 0;
			knownRegions = (
				en,
				Base,
			);
			mainGroup = E797CFA81CD62B1E0089F3EB;
			productRefGroup = E797CFB21CD62B1E0089F3EB /* Products */;
			projectDirPath = "";
			projectRoot = "";
			targets = (
				E797CFB01CD62B1E0089F3EB /* CYBudejie */,
				E797CFC91CD62B1E0089F3EB /* CYBudejieUITests */,
			);
		};
/* End PBXProject section */

/* Begin PBXResourcesBuildPhase section */
		E797CFAF1CD62B1E0089F3EB /* Resources */ = {
			isa = PBXResourcesBuildPhase;
			buildActionMask = 2147483647;
			files = (
				E7A3B4461D227B310033A37C /* VideoView.xib in Resources */,
				E7A192401CD6F9C2003DE880 /* FriendTrendsViewController.xib in Resources */,
				E70164421D23BD840020541E /* LoginViewController.xib in Resources */,
				E797CFC11CD62B1E0089F3EB /* Assets.xcassets in Resources */,
				E77664671CDDE27C0054A5F9 /* RecommendCategoryCell.xib in Resources */,
				E7A3B44D1D227EC50033A37C /* ShowPictureViewController.xib in Resources */,
				E776646C1CDDE2910054A5F9 /* RecommendUserCell.xib in Resources */,
				E7A192451CD6FBC4003DE880 /* RecommendViewController.xib in Resources */,
				E7A3B4481D227B3D0033A37C /* VoiceView.xib in Resources */,
				E7A3B4301D2266D30033A37C /* TopicCell.xib in Resources */,
				E705437B1DF0337200441036 /* CYPublishView.xib in Resources */,
				E7A3B4381D2278690033A37C /* PictureView.xib in Resources */,
			);
			runOnlyForDeploymentPostprocessing = 0;
		};
		E797CFC81CD62B1E0089F3EB /* Resources */ = {
			isa = PBXResourcesBuildPhase;
			buildActionMask = 2147483647;
			files = (
			);
			runOnlyForDeploymentPostprocessing = 0;
		};
/* End PBXResourcesBuildPhase section */

/* Begin PBXShellScriptBuildPhase section */
		4C42D2473FC47447C759044E /* [CP] Embed Pods Frameworks */ = {
			isa = PBXShellScriptBuildPhase;
			buildActionMask = 2147483647;
			files = (
			);
			inputPaths = (
			);
			name = "[CP] Embed Pods Frameworks";
			outputPaths = (
			);
			runOnlyForDeploymentPostprocessing = 0;
			shellPath = /bin/sh;
			shellScript = "\"${SRCROOT}/Pods/Target Support Files/Pods-CYBudejie/Pods-CYBudejie-frameworks.sh\"\n";
			showEnvVarsInLog = 0;
		};
		93A1EDBC354FCE71D78CEF50 /* [CP] Check Pods Manifest.lock */ = {
			isa = PBXShellScriptBuildPhase;
			buildActionMask = 2147483647;
			files = (
			);
			inputPaths = (
			);
			name = "[CP] Check Pods Manifest.lock";
			outputPaths = (
			);
			runOnlyForDeploymentPostprocessing = 0;
			shellPath = /bin/sh;
			shellScript = "diff \"${PODS_ROOT}/../Podfile.lock\" \"${PODS_ROOT}/Manifest.lock\" > /dev/null\nif [ $? != 0 ] ; then\n    # print error to STDERR\n    echo \"error: The sandbox is not in sync with the Podfile.lock. Run 'pod install' or update your CocoaPods installation.\" >&2\n    exit 1\nfi\n";
			showEnvVarsInLog = 0;
		};
		9A972829C7B7C6399EF3CDCF /* [CP] Copy Pods Resources */ = {
			isa = PBXShellScriptBuildPhase;
			buildActionMask = 2147483647;
			files = (
			);
			inputPaths = (
			);
			name = "[CP] Copy Pods Resources";
			outputPaths = (
			);
			runOnlyForDeploymentPostprocessing = 0;
			shellPath = /bin/sh;
			shellScript = "\"${SRCROOT}/Pods/Target Support Files/Pods-CYBudejie/Pods-CYBudejie-resources.sh\"\n";
			showEnvVarsInLog = 0;
		};
/* End PBXShellScriptBuildPhase section */

/* Begin PBXSourcesBuildPhase section */
		E797CFAD1CD62B1E0089F3EB /* Sources */ = {
			isa = PBXSourcesBuildPhase;
			buildActionMask = 2147483647;
			files = (
				E776646B1CDDE2910054A5F9 /* RecommendUserCell.m in Sources */,
				E797D0041CD637660089F3EB /* FriendTrendsViewController.m in Sources */,
				E70543F31DF5408000441036 /* CYUser.m in Sources */,
				E70164391D23BB360020541E /* MeCell.m in Sources */,
				E797CFFB1CD636340089F3EB /* NavigationViewController.m in Sources */,
				E797D0131CD6535F0089F3EB /* UIView+Extension.m in Sources */,
				E797CFF51CD634970089F3EB /* main.m in Sources */,
				E77664621CDDE0BC0054A5F9 /* RecommendUser.m in Sources */,
				E7A3B4361D22785A0033A37C /* PictureView.m in Sources */,
				E7A3B4331D226A560033A37C /* TitleButton.m in Sources */,
				E7A192481CD6FE0C003DE880 /* RecommendTool.m in Sources */,
				E797CFF81CD6350C0089F3EB /* MainViewController.m in Sources */,
				E776645F1CDDE0AD0054A5F9 /* RecommendCategory.m in Sources */,
				E7A3B43E1D227A760033A37C /* MediaView.m in Sources */,
				E7A192441CD6FBC4003DE880 /* RecommendViewController.m in Sources */,
				E7A3B42F1D2266D30033A37C /* TopicCell.m in Sources */,
				E7A3B4441D227B240033A37C /* VoiceView.m in Sources */,
				E70164481D23BFFA0020541E /* CYVerticalButton.m in Sources */,
				E7A3B4161D225D4D0033A37C /* TopicFrame.m in Sources */,
				E797D0161CD6F3120089F3EB /* CYHTTPTool.m in Sources */,
				E705437A1DF0337200441036 /* CYPublishView.m in Sources */,
				E77664661CDDE27C0054A5F9 /* RecommendCategoryCell.m in Sources */,
				E70164411D23BD840020541E /* LoginViewController.m in Sources */,
				E7A3B44C1D227EC50033A37C /* ShowPictureViewController.m in Sources */,
				E7A3B4101D225D360033A37C /* TopicParam.m in Sources */,
				E7A3B42B1D22646C0033A37C /* TopicsViewController.m in Sources */,
				E7A3B41C1D225D5C0033A37C /* Tag.m in Sources */,
				E797D0011CD637440089F3EB /* NewViewController.m in Sources */,
				E7A3B4131D225D420033A37C /* TopicResult.m in Sources */,
				E70543751DF031C800441036 /* CYProgressView.m in Sources */,
				E7A3B4221D225EEE0033A37C /* NSDate+Extension.m in Sources */,
				E7A3B40D1D225D250033A37C /* Topic.m in Sources */,
				E797D0101CD651C60089F3EB /* TabBar.m in Sources */,
				E797CFFE1CD637180089F3EB /* EssenceViewController.m in Sources */,
				E797D0071CD6377A0089F3EB /* MeViewController.m in Sources */,
				E797D00D1CD63B5A0089F3EB /* UIBarButtonItem+CYExtension.m in Sources */,
				E7A3B4411D227B180033A37C /* VideoView.m in Sources */,
				E7A3B4191D225D550033A37C /* Theme.m in Sources */,
				E797CFF41CD634970089F3EB /* AppDelegate.m in Sources */,
				E70164451D23BEF70020541E /* CYTextField.m in Sources */,
				E7A3B41F1D225D650033A37C /* TagsParam.m in Sources */,
				E7A193701CD7BBEA003DE880 /* SettingViewController.m in Sources */,
				E70543F61DF5408D00441036 /* CYComment.m in Sources */,
				E7A3B4251D2260540033A37C /* TopicTool.m in Sources */,
				E701643D1D23BCE10020541E /* MeFooterView.m in Sources */,
				E7A3B43B1D2279580033A37C /* ContentView.m in Sources */,
				E7A3B4281D22605F0033A37C /* TagTool.m in Sources */,
			);
			runOnlyForDeploymentPostprocessing = 0;
		};
		E797CFC61CD62B1E0089F3EB /* Sources */ = {
			isa = PBXSourcesBuildPhase;
			buildActionMask = 2147483647;
			files = (
				E797CFCF1CD62B1E0089F3EB /* CYBudejieUITests.m in Sources */,
			);
			runOnlyForDeploymentPostprocessing = 0;
		};
/* End PBXSourcesBuildPhase section */

/* Begin PBXTargetDependency section */
		E797CFCC1CD62B1E0089F3EB /* PBXTargetDependency */ = {
			isa = PBXTargetDependency;
			target = E797CFB01CD62B1E0089F3EB /* CYBudejie */;
			targetProxy = E797CFCB1CD62B1E0089F3EB /* PBXContainerItemProxy */;
		};
/* End PBXTargetDependency section */

/* Begin XCBuildConfiguration section */
		E797CFD11CD62B1E0089F3EB /* Debug */ = {
			isa = XCBuildConfiguration;
			buildSettings = {
				ALWAYS_SEARCH_USER_PATHS = NO;
				CLANG_ANALYZER_NONNULL = YES;
				CLANG_CXX_LANGUAGE_STANDARD = "gnu++0x";
				CLANG_CXX_LIBRARY = "libc++";
				CLANG_ENABLE_MODULES = YES;
				CLANG_ENABLE_OBJC_ARC = YES;
				CLANG_WARN_BOOL_CONVERSION = YES;
				CLANG_WARN_CONSTANT_CONVERSION = YES;
				CLANG_WARN_DIRECT_OBJC_ISA_USAGE = YES_ERROR;
				CLANG_WARN_EMPTY_BODY = YES;
				CLANG_WARN_ENUM_CONVERSION = YES;
				CLANG_WARN_INFINITE_RECURSION = YES;
				CLANG_WARN_INT_CONVERSION = YES;
				CLANG_WARN_OBJC_ROOT_CLASS = YES_ERROR;
				CLANG_WARN_SUSPICIOUS_MOVE = YES;
				CLANG_WARN_UNREACHABLE_CODE = YES;
				CLANG_WARN__DUPLICATE_METHOD_MATCH = YES;
				"CODE_SIGN_IDENTITY[sdk=iphoneos*]" = "iPhone Developer";
				COPY_PHASE_STRIP = NO;
				DEBUG_INFORMATION_FORMAT = dwarf;
				ENABLE_STRICT_OBJC_MSGSEND = YES;
				ENABLE_TESTABILITY = YES;
				GCC_C_LANGUAGE_STANDARD = gnu99;
				GCC_DYNAMIC_NO_PIC = NO;
				GCC_NO_COMMON_BLOCKS = YES;
				GCC_OPTIMIZATION_LEVEL = 0;
				GCC_PREPROCESSOR_DEFINITIONS = (
					"DEBUG=1",
					"$(inherited)",
				);
				GCC_WARN_64_TO_32_BIT_CONVERSION = YES;
				GCC_WARN_ABOUT_RETURN_TYPE = YES_ERROR;
				GCC_WARN_UNDECLARED_SELECTOR = YES;
				GCC_WARN_UNINITIALIZED_AUTOS = YES_AGGRESSIVE;
				GCC_WARN_UNUSED_FUNCTION = YES;
				GCC_WARN_UNUSED_VARIABLE = YES;
				IPHONEOS_DEPLOYMENT_TARGET = 9.3;
				MTL_ENABLE_DEBUG_INFO = YES;
				ONLY_ACTIVE_ARCH = YES;
				SDKROOT = iphoneos;
			};
			name = Debug;
		};
		E797CFD21CD62B1E0089F3EB /* Release */ = {
			isa = XCBuildConfiguration;
			buildSettings = {
				ALWAYS_SEARCH_USER_PATHS = NO;
				CLANG_ANALYZER_NONNULL = YES;
				CLANG_CXX_LANGUAGE_STANDARD = "gnu++0x";
				CLANG_CXX_LIBRARY = "libc++";
				CLANG_ENABLE_MODULES = YES;
				CLANG_ENABLE_OBJC_ARC = YES;
				CLANG_WARN_BOOL_CONVERSION = YES;
				CLANG_WARN_CONSTANT_CONVERSION = YES;
				CLANG_WARN_DIRECT_OBJC_ISA_USAGE = YES_ERROR;
				CLANG_WARN_EMPTY_BODY = YES;
				CLANG_WARN_ENUM_CONVERSION = YES;
				CLANG_WARN_INFINITE_RECURSION = YES;
				CLANG_WARN_INT_CONVERSION = YES;
				CLANG_WARN_OBJC_ROOT_CLASS = YES_ERROR;
				CLANG_WARN_SUSPICIOUS_MOVE = YES;
				CLANG_WARN_UNREACHABLE_CODE = YES;
				CLANG_WARN__DUPLICATE_METHOD_MATCH = YES;
				"CODE_SIGN_IDENTITY[sdk=iphoneos*]" = "iPhone Developer";
				COPY_PHASE_STRIP = NO;
				DEBUG_INFORMATION_FORMAT = "dwarf-with-dsym";
				ENABLE_NS_ASSERTIONS = NO;
				ENABLE_STRICT_OBJC_MSGSEND = YES;
				GCC_C_LANGUAGE_STANDARD = gnu99;
				GCC_NO_COMMON_BLOCKS = YES;
				GCC_WARN_64_TO_32_BIT_CONVERSION = YES;
				GCC_WARN_ABOUT_RETURN_TYPE = YES_ERROR;
				GCC_WARN_UNDECLARED_SELECTOR = YES;
				GCC_WARN_UNINITIALIZED_AUTOS = YES_AGGRESSIVE;
				GCC_WARN_UNUSED_FUNCTION = YES;
				GCC_WARN_UNUSED_VARIABLE = YES;
				IPHONEOS_DEPLOYMENT_TARGET = 9.3;
				MTL_ENABLE_DEBUG_INFO = NO;
				SDKROOT = iphoneos;
				VALIDATE_PRODUCT = YES;
			};
			name = Release;
		};
		E797CFD41CD62B1E0089F3EB /* Debug */ = {
			isa = XCBuildConfiguration;
			baseConfigurationReference = 0B64BBB4EFD16AC4E000AF3E /* Pods-CYBudejie.debug.xcconfig */;
			buildSettings = {
				ASSETCATALOG_COMPILER_APPICON_NAME = AppIcon;
				ASSETCATALOG_COMPILER_LAUNCHIMAGE_NAME = LaunchImage;
				DEVELOPMENT_TEAM = 7ENE4DHQ7N;
				GCC_PRECOMPILE_PREFIX_HEADER = NO;
				GCC_PREFIX_HEADER = CYBudejie/Classes/Other/PrefixHeader.pch;
				INFOPLIST_FILE = CYBudejie/Info.plist;
				IPHONEOS_DEPLOYMENT_TARGET = 8.0;
				LD_RUNPATH_SEARCH_PATHS = "$(inherited) @executable_path/Frameworks";
				PRODUCT_BUNDLE_IDENTIFIER = com.Futurestar.CYBudejie;
				PRODUCT_NAME = "$(TARGET_NAME)";
				TARGETED_DEVICE_FAMILY = "1,2";
			};
			name = Debug;
		};
		E797CFD51CD62B1E0089F3EB /* Release */ = {
			isa = XCBuildConfiguration;
			baseConfigurationReference = 3F0C61236FFCF6D0DECA1817 /* Pods-CYBudejie.release.xcconfig */;
			buildSettings = {
				ASSETCATALOG_COMPILER_APPICON_NAME = AppIcon;
				ASSETCATALOG_COMPILER_LAUNCHIMAGE_NAME = LaunchImage;
				DEVELOPMENT_TEAM = 7ENE4DHQ7N;
				GCC_PRECOMPILE_PREFIX_HEADER = NO;
				GCC_PREFIX_HEADER = CYBudejie/Classes/Other/PrefixHeader.pch;
				INFOPLIST_FILE = CYBudejie/Info.plist;
				IPHONEOS_DEPLOYMENT_TARGET = 8.0;
				LD_RUNPATH_SEARCH_PATHS = "$(inherited) @executable_path/Frameworks";
				PRODUCT_BUNDLE_IDENTIFIER = com.Futurestar.CYBudejie;
				PRODUCT_NAME = "$(TARGET_NAME)";
				TARGETED_DEVICE_FAMILY = "1,2";
			};
			name = Release;
		};
		E797CFD71CD62B1E0089F3EB /* Debug */ = {
			isa = XCBuildConfiguration;
			buildSettings = {
				INFOPLIST_FILE = CYBudejieUITests/Info.plist;
				LD_RUNPATH_SEARCH_PATHS = "$(inherited) @executable_path/Frameworks @loader_path/Frameworks";
				PRODUCT_BUNDLE_IDENTIFIER = com.Futurestar.CYBudejieUITests;
				PRODUCT_NAME = "$(TARGET_NAME)";
				TEST_TARGET_NAME = CYBudejie;
			};
			name = Debug;
		};
		E797CFD81CD62B1E0089F3EB /* Release */ = {
			isa = XCBuildConfiguration;
			buildSettings = {
				INFOPLIST_FILE = CYBudejieUITests/Info.plist;
				LD_RUNPATH_SEARCH_PATHS = "$(inherited) @executable_path/Frameworks @loader_path/Frameworks";
				PRODUCT_BUNDLE_IDENTIFIER = com.Futurestar.CYBudejieUITests;
				PRODUCT_NAME = "$(TARGET_NAME)";
				TEST_TARGET_NAME = CYBudejie;
			};
			name = Release;
		};
/* End XCBuildConfiguration section */

/* Begin XCConfigurationList section */
		E797CFAC1CD62B1E0089F3EB /* Build configuration list for PBXProject "CYBudejie" */ = {
			isa = XCConfigurationList;
			buildConfigurations = (
				E797CFD11CD62B1E0089F3EB /* Debug */,
				E797CFD21CD62B1E0089F3EB /* Release */,
			);
			defaultConfigurationIsVisible = 0;
			defaultConfigurationName = Release;
		};
		E797CFD31CD62B1E0089F3EB /* Build configuration list for PBXNativeTarget "CYBudejie" */ = {
			isa = XCConfigurationList;
			buildConfigurations = (
				E797CFD41CD62B1E0089F3EB /* Debug */,
				E797CFD51CD62B1E0089F3EB /* Release */,
			);
			defaultConfigurationIsVisible = 0;
			defaultConfigurationName = Release;
		};
		E797CFD61CD62B1E0089F3EB /* Build configuration list for PBXNativeTarget "CYBudejieUITests" */ = {
			isa = XCConfigurationList;
			buildConfigurations = (
				E797CFD71CD62B1E0089F3EB /* Debug */,
				E797CFD81CD62B1E0089F3EB /* Release */,
			);
			defaultConfigurationIsVisible = 0;
			defaultConfigurationName = Release;
		};
/* End XCConfigurationList section */
	};
	rootObject = E797CFA91CD62B1E0089F3EB /* Project object */;
}
